// !$*UTF8*$!
{
	archiveVersion = 1;
	classes = {
	};
	objectVersion = 55;
	objects = {

/* Begin PBXBuildFile section */
		BD2CFCCB2885C7D80071A09E /* AddToDoViewController.swift in Sources */ = {isa = PBXBuildFile; fileRef = BD2CFCCA2885C7D80071A09E /* AddToDoViewController.swift */; };
		BD7438782882236A00B64EBE /* ToDoTableViewController.swift in Sources */ = {isa = PBXBuildFile; fileRef = BD7438772882236A00B64EBE /* ToDoTableViewController.swift */; };
		BD74387A288224F900B64EBE /* ToDo.swift in Sources */ = {isa = PBXBuildFile; fileRef = BD743879288224F900B64EBE /* ToDo.swift */; };
		BD9AAF2628821E8800E9614F /* AppDelegate.swift in Sources */ = {isa = PBXBuildFile; fileRef = BD9AAF2528821E8800E9614F /* AppDelegate.swift */; };
		BD9AAF2828821E8800E9614F /* SceneDelegate.swift in Sources */ = {isa = PBXBuildFile; fileRef = BD9AAF2728821E8800E9614F /* SceneDelegate.swift */; };
		BD9AAF2D28821E8800E9614F /* Main.storyboard in Resources */ = {isa = PBXBuildFile; fileRef = BD9AAF2B28821E8800E9614F /* Main.storyboard */; };
		BD9AAF3028821E8800E9614F /* to_do_list.xcdatamodeld in Sources */ = {isa = PBXBuildFile; fileRef = BD9AAF2E28821E8800E9614F /* to_do_list.xcdatamodeld */; };
		BD9AAF3228821E8900E9614F /* Assets.xcassets in Resources */ = {isa = PBXBuildFile; fileRef = BD9AAF3128821E8900E9614F /* Assets.xcassets */; };
		BD9AAF3528821E8900E9614F /* LaunchScreen.storyboard in Resources */ = {isa = PBXBuildFile; fileRef = BD9AAF3328821E8900E9614F /* LaunchScreen.storyboard */; };
		BD9B93462886174A005790FA /* CompleteToDoViewController.swift in Sources */ = {isa = PBXBuildFile; fileRef = BD9B93452886174A005790FA /* CompleteToDoViewController.swift */; };
/* End PBXBuildFile section */

/* Begin PBXFileReference section */
		BD2CFCCA2885C7D80071A09E /* AddToDoViewController.swift */ = {isa = PBXFileReference; lastKnownFileType = sourcecode.swift; path = AddToDoViewController.swift; sourceTree = "<group>"; };
		BD7438772882236A00B64EBE /* ToDoTableViewController.swift */ = {isa = PBXFileReference; lastKnownFileType = sourcecode.swift; path = ToDoTableViewController.swift; sourceTree = "<group>"; };
		BD743879288224F900B64EBE /* ToDo.swift */ = {isa = PBXFileReference; lastKnownFileType = sourcecode.swift; path = ToDo.swift; sourceTree = "<group>"; };
		BD9AAF2228821E8800E9614F /* to-do list.app */ = {isa = PBXFileReference; explicitFileType = wrapper.application; includeInIndex = 0; path = "to-do list.app"; sourceTree = BUILT_PRODUCTS_DIR; };
		BD9AAF2528821E8800E9614F /* AppDelegate.swift */ = {isa = PBXFileReference; lastKnownFileType = sourcecode.swift; path = AppDelegate.swift; sourceTree = "<group>"; };
		BD9AAF2728821E8800E9614F /* SceneDelegate.swift */ = {isa = PBXFileReference; lastKnownFileType = sourcecode.swift; path = SceneDelegate.swift; sourceTree = "<group>"; };
		BD9AAF2C28821E8800E9614F /* Base */ = {isa = PBXFileReference; lastKnownFileType = file.storyboard; name = Base; path = Base.lproj/Main.storyboard; sourceTree = "<group>"; };
		BD9AAF2F28821E8800E9614F /* to_do_list.xcdatamodel */ = {isa = PBXFileReference; lastKnownFileType = wrapper.xcdatamodel; path = to_do_list.xcdatamodel; sourceTree = "<group>"; };
		BD9AAF3128821E8900E9614F /* Assets.xcassets */ = {isa = PBXFileReference; lastKnownFileType = folder.assetcatalog; path = Assets.xcassets; sourceTree = "<group>"; };
		BD9AAF3428821E8900E9614F /* Base */ = {isa = PBXFileReference; lastKnownFileType = file.storyboard; name = Base; path = Base.lproj/LaunchScreen.storyboard; sourceTree = "<group>"; };
		BD9AAF3628821E8900E9614F /* Info.plist */ = {isa = PBXFileReference; lastKnownFileType = text.plist.xml; path = Info.plist; sourceTree = "<group>"; };
		BD9B93452886174A005790FA /* CompleteToDoViewController.swift */ = {isa = PBXFileReference; lastKnownFileType = sourcecode.swift; path = CompleteToDoViewController.swift; sourceTree = "<group>"; };
/* End PBXFileReference section */

/* Begin PBXFrameworksBuildPhase section */
		BD9AAF1F28821E8700E9614F /* Frameworks */ = {
			isa = PBXFrameworksBuildPhase;
			buildActionMask = 2147483647;
			files = (
			);
			runOnlyForDeploymentPostprocessing = 0;
		};
/* End PBXFrameworksBuildPhase section */

/* Begin PBXGroup section */
		BD9AAF1928821E8700E9614F = {
			isa = PBXGroup;
			children = (
				BD9AAF2428821E8800E9614F /* to-do list */,
				BD9AAF2328821E8800E9614F /* Products */,
			);
			sourceTree = "<group>";
		};
		BD9AAF2328821E8800E9614F /* Products */ = {
			isa = PBXGroup;
			children = (
				BD9AAF2228821E8800E9614F /* to-do list.app */,
			);
			name = Products;
			sourceTree = "<group>";
		};
		BD9AAF2428821E8800E9614F /* to-do list */ = {
			isa = PBXGroup;
			children = (
				BD9AAF2528821E8800E9614F /* AppDelegate.swift */,
				BD9AAF2728821E8800E9614F /* SceneDelegate.swift */,
				BD2CFCCA2885C7D80071A09E /* AddToDoViewController.swift */,
				BD9B93452886174A005790FA /* CompleteToDoViewController.swift */,
				BD9AAF2B28821E8800E9614F /* Main.storyboard */,
				BD743879288224F900B64EBE /* ToDo.swift */,
				BD7438772882236A00B64EBE /* ToDoTableViewController.swift */,
				BD9AAF3128821E8900E9614F /* Assets.xcassets */,
				BD9AAF3328821E8900E9614F /* LaunchScreen.storyboard */,
				BD9AAF3628821E8900E9614F /* Info.plist */,
				BD9AAF2E28821E8800E9614F /* to_do_list.xcdatamodeld */,
			);
			path = "to-do list";
			sourceTree = "<group>";
		};
/* End PBXGroup section */

/* Begin PBXNativeTarget section */
		BD9AAF2128821E8700E9614F /* to-do list */ = {
			isa = PBXNativeTarget;
			buildConfigurationList = BD9AAF3928821E8900E9614F /* Build configuration list for PBXNativeTarget "to-do list" */;
			buildPhases = (
				BD9AAF1E28821E8700E9614F /* Sources */,
				BD9AAF1F28821E8700E9614F /* Frameworks */,
				BD9AAF2028821E8700E9614F /* Resources */,
			);
			buildRules = (
			);
			dependencies = (
			);
			name = "to-do list";
			productName = "to-do list";
			productReference = BD9AAF2228821E8800E9614F /* to-do list.app */;
			productType = "com.apple.product-type.application";
		};
/* End PBXNativeTarget section */

/* Begin PBXProject section */
		BD9AAF1A28821E8700E9614F /* Project object */ = {
			isa = PBXProject;
			attributes = {
				BuildIndependentTargetsInParallel = 1;
				LastSwiftUpdateCheck = 1340;
				LastUpgradeCheck = 1340;
				TargetAttributes = {
					BD9AAF2128821E8700E9614F = {
						CreatedOnToolsVersion = 13.4.1;
					};
				};
			};
			buildConfigurationList = BD9AAF1D28821E8700E9614F /* Build configuration list for PBXProject "to-do list" */;
			compatibilityVersion = "Xcode 13.0";
			developmentRegion = en;
			hasScannedForEncodings = 0;
			knownRegions = (
				en,
				Base,
			);
			mainGroup = BD9AAF1928821E8700E9614F;
			productRefGroup = BD9AAF2328821E8800E9614F /* Products */;
			projectDirPath = "";
			projectRoot = "";
			targets = (
				BD9AAF2128821E8700E9614F /* to-do list */,
			);
		};
/* End PBXProject section */

/* Begin PBXResourcesBuildPhase section */
		BD9AAF2028821E8700E9614F /* Resources */ = {
			isa = PBXResourcesBuildPhase;
			buildActionMask = 2147483647;
			files = (
				BD9AAF3528821E8900E9614F /* LaunchScreen.storyboard in Resources */,
				BD9AAF3228821E8900E9614F /* Assets.xcassets in Resources */,
				BD9AAF2D28821E8800E9614F /* Main.storyboard in Resources */,
			);
			runOnlyForDeploymentPostprocessing = 0;
		};
/* End PBXResourcesBuildPhase section */

/* Begin PBXSourcesBuildPhase section */
		BD9AAF1E28821E8700E9614F /* Sources */ = {
			isa = PBXSourcesBuildPhase;
			buildActionMask = 2147483647;
			files = (
				BD9AAF2628821E8800E9614F /* AppDelegate.swift in Sources */,
				BD74387A288224F900B64EBE /* ToDo.swift in Sources */,
				BD7438782882236A00B64EBE /* ToDoTableViewController.swift in Sources */,
				BD9B93462886174A005790FA /* CompleteToDoViewController.swift in Sources */,
				BD9AAF2828821E8800E9614F /* SceneDelegate.swift in Sources */,
				BD2CFCCB2885C7D80071A09E /* AddToDoViewController.swift in Sources */,
				BD9AAF3028821E8800E9614F /* to_do_list.xcdatamodeld in Sources */,
			);
			runOnlyForDeploymentPostprocessing = 0;
		};
/* End PBXSourcesBuildPhase section */

/* Begin PBXVariantGroup section */
		BD9AAF2B28821E8800E9614F /* Main.storyboard */ = {
			isa = PBXVariantGroup;
			children = (
				BD9AAF2C28821E8800E9614F /* Base */,
			);
			name = Main.storyboard;
			sourceTree = "<group>";
		};
		BD9AAF3328821E8900E9614F /* LaunchScreen.storyboard */ = {
			isa = PBXVariantGroup;
			children = (
				BD9AAF3428821E8900E9614F /* Base */,
			);
			name = LaunchScreen.storyboard;
			sourceTree = "<group>";
		};
/* End PBXVariantGroup section */

/* Begin XCBuildConfiguration section */
		BD9AAF3728821E8900E9614F /* Debug */ = {
			isa = XCBuildConfiguration;
			buildSettings = {
				ALWAYS_SEARCH_USER_PATHS = NO;
				CLANG_ANALYZER_NONNULL = YES;
				CLANG_ANALYZER_NUMBER_OBJECT_CONVERSION = YES_AGGRESSIVE;
				CLANG_CXX_LANGUAGE_STANDARD = "gnu++17";
				CLANG_ENABLE_MODULES = YES;
				CLANG_ENABLE_OBJC_ARC = YES;
				CLANG_ENABLE_OBJC_WEAK = YES;
				CLANG_WARN_BLOCK_CAPTURE_AUTORELEASING = YES;
				CLANG_WARN_BOOL_CONVERSION = YES;
				CLANG_WARN_COMMA = YES;
				CLANG_WARN_CONSTANT_CONVERSION = YES;
				CLANG_WARN_DEPRECATED_OBJC_IMPLEMENTATIONS = YES;
				CLANG_WARN_DIRECT_OBJC_ISA_USAGE = YES_ERROR;
				CLANG_WARN_DOCUMENTATION_COMMENTS = YES;
				CLANG_WARN_EMPTY_BODY = YES;
				CLANG_WARN_ENUM_CONVERSION = YES;
				CLANG_WARN_INFINITE_RECURSION = YES;
				CLANG_WARN_INT_CONVERSION = YES;
				CLANG_WARN_NON_LITERAL_NULL_CONVERSION = YES;
				CLANG_WARN_OBJC_IMPLICIT_RETAIN_SELF = YES;
				CLANG_WARN_OBJC_LITERAL_CONVERSION = YES;
				CLANG_WARN_OBJC_ROOT_CLASS = YES_ERROR;
				CLANG_WARN_QUOTED_INCLUDE_IN_FRAMEWORK_HEADER = YES;
				CLANG_WARN_RANGE_LOOP_ANALYSIS = YES;
				CLANG_WARN_STRICT_PROTOTYPES = YES;
				CLANG_WARN_SUSPICIOUS_MOVE = YES;
				CLANG_WARN_UNGUARDED_AVAILABILITY = YES_AGGRESSIVE;
				CLANG_WARN_UNREACHABLE_CODE = YES;
				CLANG_WARN__DUPLICATE_METHOD_MATCH = YES;
				COPY_PHASE_STRIP = NO;
				DEBUG_INFORMATION_FORMAT = dwarf;
				ENABLE_STRICT_OBJC_MSGSEND = YES;
				ENABLE_TESTABILITY = YES;
				GCC_C_LANGUAGE_STANDARD = gnu11;
				GCC_DYNAMIC_NO_PIC = NO;
				GCC_NO_COMMON_BLOCKS = YES;
				GCC_OPTIMIZATION_LEVEL = 0;
				GCC_PREPROCESSOR_DEFINITIONS = (
					"DEBUG=1",
					"$(inherited)",
				);
				GCC_WARN_64_TO_32_BIT_CONVERSION = YES;
				GCC_WARN_ABOUT_RETURN_TYPE = YES_ERROR;
				GCC_WARN_UNDECLARED_SELECTOR = YES;
				GCC_WARN_UNINITIALIZED_AUTOS = YES_AGGRESSIVE;
				GCC_WARN_UNUSED_FUNCTION = YES;
				GCC_WARN_UNUSED_VARIABLE = YES;
				IPHONEOS_DEPLOYMENT_TARGET = 15.5;
				MTL_ENABLE_DEBUG_INFO = INCLUDE_SOURCE;
				MTL_FAST_MATH = YES;
				ONLY_ACTIVE_ARCH = YES;
				SDKROOT = iphoneos;
				SWIFT_ACTIVE_COMPILATION_CONDITIONS = DEBUG;
				SWIFT_OPTIMIZATION_LEVEL = "-Onone";
			};
			name = Debug;
		};
		BD9AAF3828821E8900E9614F /* Release */ = {
			isa = XCBuildConfiguration;
			buildSettings = {
				ALWAYS_SEARCH_USER_PATHS = NO;
				CLANG_ANALYZER_NONNULL = YES;
				CLANG_ANALYZER_NUMBER_OBJECT_CONVERSION = YES_AGGRESSIVE;
				CLANG_CXX_LANGUAGE_STANDARD = "gnu++17";
				CLANG_ENABLE_MODULES = YES;
				CLANG_ENABLE_OBJC_ARC = YES;
				CLANG_ENABLE_OBJC_WEAK = YES;
				CLANG_WARN_BLOCK_CAPTURE_AUTORELEASING = YES;
				CLANG_WARN_BOOL_CONVERSION = YES;
				CLANG_WARN_COMMA = YES;
				CLANG_WARN_CONSTANT_CONVERSION = YES;
				CLANG_WARN_DEPRECATED_OBJC_IMPLEMENTATIONS = YES;
				CLANG_WARN_DIRECT_OBJC_ISA_USAGE = YES_ERROR;
				CLANG_WARN_DOCUMENTATION_COMMENTS = YES;
				CLANG_WARN_EMPTY_BODY = YES;
				CLANG_WARN_ENUM_CONVERSION = YES;
				CLANG_WARN_INFINITE_RECURSION = YES;
				CLANG_WARN_INT_CONVERSION = YES;
				CLANG_WARN_NON_LITERAL_NULL_CONVERSION = YES;
				CLANG_WARN_OBJC_IMPLICIT_RETAIN_SELF = YES;
				CLANG_WARN_OBJC_LITERAL_CONVERSION = YES;
				CLANG_WARN_OBJC_ROOT_CLASS = YES_ERROR;
				CLANG_WARN_QUOTED_INCLUDE_IN_FRAMEWORK_HEADER = YES;
				CLANG_WARN_RANGE_LOOP_ANALYSIS = YES;
				CLANG_WARN_STRICT_PROTOTYPES = YES;
				CLANG_WARN_SUSPICIOUS_MOVE = YES;
				CLANG_WARN_UNGUARDED_AVAILABILITY = YES_AGGRESSIVE;
				CLANG_WARN_UNREACHABLE_CODE = YES;
				CLANG_WARN__DUPLICATE_METHOD_MATCH = YES;
				COPY_PHASE_STRIP = NO;
				DEBUG_INFORMATION_FORMAT = "dwarf-with-dsym";
				ENABLE_NS_ASSERTIONS = NO;
				ENABLE_STRICT_OBJC_MSGSEND = YES;
				GCC_C_LANGUAGE_STANDARD = gnu11;
				GCC_NO_COMMON_BLOCKS = YES;
				GCC_WARN_64_TO_32_BIT_CONVERSION = YES;
				GCC_WARN_ABOUT_RETURN_TYPE = YES_ERROR;
				GCC_WARN_UNDECLARED_SELECTOR = YES;
				GCC_WARN_UNINITIALIZED_AUTOS = YES_AGGRESSIVE;
				GCC_WARN_UNUSED_FUNCTION = YES;
				GCC_WARN_UNUSED_VARIABLE = YES;
				IPHONEOS_DEPLOYMENT_TARGET = 15.5;
				MTL_ENABLE_DEBUG_INFO = NO;
				MTL_FAST_MATH = YES;
				SDKROOT = iphoneos;
				SWIFT_COMPILATION_MODE = wholemodule;
				SWIFT_OPTIMIZATION_LEVEL = "-O";
				VALIDATE_PRODUCT = YES;
			};
			name = Release;
		};
		BD9AAF3A28821E8900E9614F /* Debug */ = {
			isa = XCBuildConfiguration;
			buildSettings = {
				ASSETCATALOG_COMPILER_APPICON_NAME = AppIcon;
				ASSETCATALOG_COMPILER_GLOBAL_ACCENT_COLOR_NAME = AccentColor;
				CODE_SIGN_STYLE = Automatic;
				CURRENT_PROJECT_VERSION = 1;
				GENERATE_INFOPLIST_FILE = YES;
				INFOPLIST_FILE = "to-do list/Info.plist";
				INFOPLIST_KEY_UIApplicationSupportsIndirectInputEvents = YES;
				INFOPLIST_KEY_UILaunchStoryboardName = LaunchScreen;
				INFOPLIST_KEY_UIMainStoryboardFile = Main;
				INFOPLIST_KEY_UISupportedInterfaceOrientations_iPad = "UIInterfaceOrientationPortrait UIInterfaceOrientationPortraitUpsideDown UIInterfaceOrientationLandscapeLeft UIInterfaceOrientationLandscapeRight";
				INFOPLIST_KEY_UISupportedInterfaceOrientations_iPhone = "UIInterfaceOrientationPortrait UIInterfaceOrientationLandscapeLeft UIInterfaceOrientationLandscapeRight";
				LD_RUNPATH_SEARCH_PATHS = (
					"$(inherited)",
					"@executable_path/Frameworks",
				);
				MARKETING_VERSION = 1.0;
				PRODUCT_BUNDLE_IDENTIFIER = "team.to-do-list";
				PRODUCT_NAME = "$(TARGET_NAME)";
				SWIFT_EMIT_LOC_STRINGS = YES;
				SWIFT_VERSION = 5.0;
				TARGETED_DEVICE_FAMILY = "1,2";
			};
			name = Debug;
		};
		BD9AAF3B28821E8900E9614F /* Release */ = {
			isa = XCBuildConfiguration;
			buildSettings = {
				ASSETCATALOG_COMPILER_APPICON_NAME = AppIcon;
				ASSETCATALOG_COMPILER_GLOBAL_ACCENT_COLOR_NAME = AccentColor;
				CODE_SIGN_STYLE = Automatic;
				CURRENT_PROJECT_VERSION = 1;
				GENERATE_INFOPLIST_FILE = YES;
				INFOPLIST_FILE = "to-do list/Info.plist";
				INFOPLIST_KEY_UIApplicationSupportsIndirectInputEvents = YES;
				INFOPLIST_KEY_UILaunchStoryboardName = LaunchScreen;
				INFOPLIST_KEY_UIMainStoryboardFile = Main;
				INFOPLIST_KEY_UISupportedInterfaceOrientations_iPad = "UIInterfaceOrientationPortrait UIInterfaceOrientationPortraitUpsideDown UIInterfaceOrientationLandscapeLeft UIInterfaceOrientationLandscapeRight";
				INFOPLIST_KEY_UISupportedInterfaceOrientations_iPhone = "UIInterfaceOrientationPortrait UIInterfaceOrientationLandscapeLeft UIInterfaceOrientationLandscapeRight";
				LD_RUNPATH_SEARCH_PATHS = (
					"$(inherited)",
					"@executable_path/Frameworks",
				);
				MARKETING_VERSION = 1.0;
				PRODUCT_BUNDLE_IDENTIFIER = "team.to-do-list";
				PRODUCT_NAME = "$(TARGET_NAME)";
				SWIFT_EMIT_LOC_STRINGS = YES;
				SWIFT_VERSION = 5.0;
				TARGETED_DEVICE_FAMILY = "1,2";
			};
			name = Release;
		};
/* End XCBuildConfiguration section */

/* Begin XCConfigurationList section */
		BD9AAF1D28821E8700E9614F /* Build configuration list for PBXProject "to-do list" */ = {
			isa = XCConfigurationList;
			buildConfigurations = (
				BD9AAF3728821E8900E9614F /* Debug */,
				BD9AAF3828821E8900E9614F /* Release */,
			);
			defaultConfigurationIsVisible = 0;
			defaultConfigurationName = Release;
		};
		BD9AAF3928821E8900E9614F /* Build configuration list for PBXNativeTarget "to-do list" */ = {
			isa = XCConfigurationList;
			buildConfigurations = (
				BD9AAF3A28821E8900E9614F /* Debug */,
				BD9AAF3B28821E8900E9614F /* Release */,
			);
			defaultConfigurationIsVisible = 0;
			defaultConfigurationName = Release;
		};
/* End XCConfigurationList section */

/* Begin XCVersionGroup section */
		BD9AAF2E28821E8800E9614F /* to_do_list.xcdatamodeld */ = {
			isa = XCVersionGroup;
			children = (
				BD9AAF2F28821E8800E9614F /* to_do_list.xcdatamodel */,
			);
			currentVersion = BD9AAF2F28821E8800E9614F /* to_do_list.xcdatamodel */;
			path = to_do_list.xcdatamodeld;
			sourceTree = "<group>";
			versionGroupType = wrapper.xcdatamodel;
		};
/* End XCVersionGroup section */
	};
	rootObject = BD9AAF1A28821E8700E9614F /* Project object */;
}
